{
  "version": 4,
  "terraform_version": "1.10.2",
  "serial": 345,
  "lineage": "98101fe2-a697-07a9-97fc-15423fe363cc",
  "outputs": {},
  "resources": [
    {
      "mode": "managed",
      "type": "azurerm_lb",
      "name": "lb",
      "provider": "provider[\"registry.terraform.io/hashicorp/azurerm\"]",
      "instances": [
        {
          "schema_version": 0,
          "attributes": {
            "edge_zone": "",
            "frontend_ip_configuration": [
              {
                "gateway_load_balancer_frontend_ip_configuration_id": "",
                "id": "/subscriptions/c539c22d-81df-4900-93d0-f5d20ccc64b9/resourceGroups/grid-terraform/providers/Microsoft.Network/loadBalancers/lb/frontendIPConfigurations/lb-frontend-ip-conf",
                "inbound_nat_rules": [],
                "load_balancer_rules": [],
                "name": "lb-frontend-ip-conf",
                "outbound_rules": [],
                "private_ip_address": "",
                "private_ip_address_allocation": "Dynamic",
                "private_ip_address_version": "",
                "public_ip_address_id": "/subscriptions/c539c22d-81df-4900-93d0-f5d20ccc64b9/resourceGroups/grid-terraform/providers/Microsoft.Network/publicIPAddresses/lb_ip",
                "public_ip_prefix_id": "",
                "subnet_id": "",
                "zones": null
              }
            ],
            "id": "/subscriptions/c539c22d-81df-4900-93d0-f5d20ccc64b9/resourceGroups/grid-terraform/providers/Microsoft.Network/loadBalancers/lb",
            "location": "westeurope",
            "name": "lb",
            "private_ip_address": "",
            "private_ip_addresses": [],
            "resource_group_name": "grid-terraform",
            "sku": "Standard",
            "sku_tier": "Regional",
            "tags": null,
            "timeouts": null
          },
          "sensitive_attributes": [],
          "private": "eyJlMmJmYjczMC1lY2FhLTExZTYtOGY4OC0zNDM2M2JjN2M0YzAiOnsiY3JlYXRlIjoxODAwMDAwMDAwMDAwLCJkZWxldGUiOjE4MDAwMDAwMDAwMDAsInJlYWQiOjMwMDAwMDAwMDAwMCwidXBkYXRlIjoxODAwMDAwMDAwMDAwfX0=",
          "dependencies": [
            "azurerm_public_ip.lb_ip",
            "azurerm_resource_group.rg"
          ]
        }
      ]
    },
    {
      "mode": "managed",
      "type": "azurerm_lb_backend_address_pool",
      "name": "lb_pool",
      "provider": "provider[\"registry.terraform.io/hashicorp/azurerm\"]",
      "instances": [
        {
          "schema_version": 0,
          "attributes": {
            "backend_ip_configurations": [],
            "id": "/subscriptions/c539c22d-81df-4900-93d0-f5d20ccc64b9/resourceGroups/grid-terraform/providers/Microsoft.Network/loadBalancers/lb/backendAddressPools/backend-pool",
            "inbound_nat_rules": [],
            "load_balancing_rules": [],
            "loadbalancer_id": "/subscriptions/c539c22d-81df-4900-93d0-f5d20ccc64b9/resourceGroups/grid-terraform/providers/Microsoft.Network/loadBalancers/lb",
            "name": "backend-pool",
            "outbound_rules": [],
            "synchronous_mode": "",
            "timeouts": null,
            "tunnel_interface": [],
            "virtual_network_id": ""
          },
          "sensitive_attributes": [],
          "private": "eyJlMmJmYjczMC1lY2FhLTExZTYtOGY4OC0zNDM2M2JjN2M0YzAiOnsiY3JlYXRlIjoxODAwMDAwMDAwMDAwLCJkZWxldGUiOjE4MDAwMDAwMDAwMDAsInJlYWQiOjMwMDAwMDAwMDAwMCwidXBkYXRlIjoxODAwMDAwMDAwMDAwfX0=",
          "dependencies": [
            "azurerm_lb.lb",
            "azurerm_public_ip.lb_ip",
            "azurerm_resource_group.rg"
          ]
        }
      ]
    },
    {
      "mode": "managed",
      "type": "azurerm_lb_probe",
      "name": "lb_probe",
      "provider": "provider[\"registry.terraform.io/hashicorp/azurerm\"]",
      "instances": [
        {
          "schema_version": 0,
          "attributes": {
            "id": "/subscriptions/c539c22d-81df-4900-93d0-f5d20ccc64b9/resourceGroups/grid-terraform/providers/Microsoft.Network/loadBalancers/lb/probes/health-probe",
            "interval_in_seconds": 5,
            "load_balancer_rules": [],
            "loadbalancer_id": "/subscriptions/c539c22d-81df-4900-93d0-f5d20ccc64b9/resourceGroups/grid-terraform/providers/Microsoft.Network/loadBalancers/lb",
            "name": "health-probe",
            "number_of_probes": 2,
            "port": 80,
            "probe_threshold": 1,
            "protocol": "Http",
            "request_path": "/",
            "timeouts": null
          },
          "sensitive_attributes": [],
          "private": "eyJlMmJmYjczMC1lY2FhLTExZTYtOGY4OC0zNDM2M2JjN2M0YzAiOnsiY3JlYXRlIjoxODAwMDAwMDAwMDAwLCJkZWxldGUiOjE4MDAwMDAwMDAwMDAsInJlYWQiOjMwMDAwMDAwMDAwMCwidXBkYXRlIjoxODAwMDAwMDAwMDAwfX0=",
          "dependencies": [
            "azurerm_lb.lb",
            "azurerm_public_ip.lb_ip",
            "azurerm_resource_group.rg"
          ]
        }
      ]
    },
    {
      "mode": "managed",
      "type": "azurerm_lb_rule",
      "name": "example",
      "provider": "provider[\"registry.terraform.io/hashicorp/azurerm\"]",
      "instances": [
        {
          "schema_version": 0,
          "attributes": {
            "backend_address_pool_ids": [
              "/subscriptions/c539c22d-81df-4900-93d0-f5d20ccc64b9/resourceGroups/grid-terraform/providers/Microsoft.Network/loadBalancers/lb/backendAddressPools/backend-pool"
            ],
            "backend_port": 80,
            "disable_outbound_snat": false,
            "enable_floating_ip": false,
            "enable_tcp_reset": false,
            "frontend_ip_configuration_id": "/subscriptions/c539c22d-81df-4900-93d0-f5d20ccc64b9/resourceGroups/grid-terraform/providers/Microsoft.Network/loadBalancers/lb/frontendIPConfigurations/lb-frontend-ip-conf",
            "frontend_ip_configuration_name": "lb-frontend-ip-conf",
            "frontend_port": 80,
            "id": "/subscriptions/c539c22d-81df-4900-93d0-f5d20ccc64b9/resourceGroups/grid-terraform/providers/Microsoft.Network/loadBalancers/lb/loadBalancingRules/example-lb-rule",
            "idle_timeout_in_minutes": 5,
            "load_distribution": "Default",
            "loadbalancer_id": "/subscriptions/c539c22d-81df-4900-93d0-f5d20ccc64b9/resourceGroups/grid-terraform/providers/Microsoft.Network/loadBalancers/lb",
            "name": "example-lb-rule",
            "probe_id": "/subscriptions/c539c22d-81df-4900-93d0-f5d20ccc64b9/resourceGroups/grid-terraform/providers/Microsoft.Network/loadBalancers/lb/probes/health-probe",
            "protocol": "Tcp",
            "timeouts": null
          },
          "sensitive_attributes": [],
          "private": "eyJlMmJmYjczMC1lY2FhLTExZTYtOGY4OC0zNDM2M2JjN2M0YzAiOnsiY3JlYXRlIjoxODAwMDAwMDAwMDAwLCJkZWxldGUiOjE4MDAwMDAwMDAwMDAsInJlYWQiOjMwMDAwMDAwMDAwMCwidXBkYXRlIjoxODAwMDAwMDAwMDAwfX0=",
          "dependencies": [
            "azurerm_lb.lb",
            "azurerm_lb_backend_address_pool.lb_pool",
            "azurerm_lb_probe.lb_probe",
            "azurerm_public_ip.lb_ip",
            "azurerm_resource_group.rg"
          ]
        }
      ]
    },
    {
      "mode": "managed",
      "type": "azurerm_public_ip",
      "name": "lb_ip",
      "provider": "provider[\"registry.terraform.io/hashicorp/azurerm\"]",
      "instances": [
        {
          "schema_version": 0,
          "attributes": {
            "allocation_method": "Static",
            "ddos_protection_mode": "VirtualNetworkInherited",
            "ddos_protection_plan_id": null,
            "domain_name_label": null,
            "edge_zone": "",
            "fqdn": null,
            "id": "/subscriptions/c539c22d-81df-4900-93d0-f5d20ccc64b9/resourceGroups/grid-terraform/providers/Microsoft.Network/publicIPAddresses/lb_ip",
            "idle_timeout_in_minutes": 4,
            "ip_address": "13.95.122.244",
            "ip_tags": null,
            "ip_version": "IPv4",
            "location": "westeurope",
            "name": "lb_ip",
            "public_ip_prefix_id": null,
            "resource_group_name": "grid-terraform",
            "reverse_fqdn": null,
            "sku": "Standard",
            "sku_tier": "Regional",
            "tags": null,
            "timeouts": null,
            "zones": null
          },
          "sensitive_attributes": [],
          "private": "eyJlMmJmYjczMC1lY2FhLTExZTYtOGY4OC0zNDM2M2JjN2M0YzAiOnsiY3JlYXRlIjoxODAwMDAwMDAwMDAwLCJkZWxldGUiOjE4MDAwMDAwMDAwMDAsInJlYWQiOjMwMDAwMDAwMDAwMCwidXBkYXRlIjoxODAwMDAwMDAwMDAwfX0=",
          "dependencies": [
            "azurerm_resource_group.rg"
          ]
        }
      ]
    },
    {
      "mode": "managed",
      "type": "azurerm_resource_group",
      "name": "rg",
      "provider": "provider[\"registry.terraform.io/hashicorp/azurerm\"]",
      "instances": [
        {
          "schema_version": 0,
          "attributes": {
            "id": "/subscriptions/c539c22d-81df-4900-93d0-f5d20ccc64b9/resourceGroups/grid-terraform",
            "location": "westeurope",
            "managed_by": "",
            "name": "grid-terraform",
            "tags": null,
            "timeouts": null
          },
          "sensitive_attributes": [],
          "private": "eyJlMmJmYjczMC1lY2FhLTExZTYtOGY4OC0zNDM2M2JjN2M0YzAiOnsiY3JlYXRlIjo1NDAwMDAwMDAwMDAwLCJkZWxldGUiOjU0MDAwMDAwMDAwMDAsInJlYWQiOjMwMDAwMDAwMDAwMCwidXBkYXRlIjo1NDAwMDAwMDAwMDAwfX0="
        }
      ]
    },
    {
      "module": "module.network_module",
      "mode": "managed",
      "type": "azurerm_network_security_group",
      "name": "nsg",
      "provider": "provider[\"registry.terraform.io/hashicorp/azurerm\"]",
      "instances": [
        {
          "schema_version": 0,
          "attributes": {
            "id": "/subscriptions/c539c22d-81df-4900-93d0-f5d20ccc64b9/resourceGroups/grid-terraform/providers/Microsoft.Network/networkSecurityGroups/grid-network-nsg",
            "location": "westeurope",
            "name": "grid-network-nsg",
            "resource_group_name": "grid-terraform",
            "security_rule": [],
            "tags": null,
            "timeouts": null
          },
          "sensitive_attributes": [],
          "private": "eyJlMmJmYjczMC1lY2FhLTExZTYtOGY4OC0zNDM2M2JjN2M0YzAiOnsiY3JlYXRlIjoxODAwMDAwMDAwMDAwLCJkZWxldGUiOjE4MDAwMDAwMDAwMDAsInJlYWQiOjMwMDAwMDAwMDAwMCwidXBkYXRlIjoxODAwMDAwMDAwMDAwfX0=",
          "dependencies": [
            "azurerm_resource_group.rg"
          ]
        }
      ]
    },
    {
      "module": "module.network_module",
      "mode": "managed",
      "type": "azurerm_network_security_rule",
      "name": "nsg_rules",
      "provider": "provider[\"registry.terraform.io/hashicorp/azurerm\"]",
      "instances": [
        {
          "index_key": "http",
          "schema_version": 0,
          "attributes": {
            "access": "Allow",
            "description": "",
            "destination_address_prefix": "*",
            "destination_address_prefixes": null,
            "destination_application_security_group_ids": null,
            "destination_port_range": "80",
            "destination_port_ranges": null,
            "direction": "Inbound",
            "id": "/subscriptions/c539c22d-81df-4900-93d0-f5d20ccc64b9/resourceGroups/grid-terraform/providers/Microsoft.Network/networkSecurityGroups/grid-network-nsg/securityRules/http",
            "name": "http",
            "network_security_group_name": "grid-network-nsg",
            "priority": 1002,
            "protocol": "Tcp",
            "resource_group_name": "grid-terraform",
            "source_address_prefix": "*",
            "source_address_prefixes": null,
            "source_application_security_group_ids": null,
            "source_port_range": "*",
            "source_port_ranges": null,
            "timeouts": null
          },
          "sensitive_attributes": [],
          "private": "eyJlMmJmYjczMC1lY2FhLTExZTYtOGY4OC0zNDM2M2JjN2M0YzAiOnsiY3JlYXRlIjoxODAwMDAwMDAwMDAwLCJkZWxldGUiOjE4MDAwMDAwMDAwMDAsInJlYWQiOjMwMDAwMDAwMDAwMCwidXBkYXRlIjoxODAwMDAwMDAwMDAwfX0=",
          "dependencies": [
            "azurerm_resource_group.rg",
            "module.network_module.azurerm_network_security_group.nsg"
          ]
        },
        {
          "index_key": "ssh",
          "schema_version": 0,
          "attributes": {
            "access": "Allow",
            "description": "",
            "destination_address_prefix": "*",
            "destination_address_prefixes": null,
            "destination_application_security_group_ids": null,
            "destination_port_range": "22",
            "destination_port_ranges": null,
            "direction": "Inbound",
            "id": "/subscriptions/c539c22d-81df-4900-93d0-f5d20ccc64b9/resourceGroups/grid-terraform/providers/Microsoft.Network/networkSecurityGroups/grid-network-nsg/securityRules/ssh",
            "name": "ssh",
            "network_security_group_name": "grid-network-nsg",
            "priority": 1001,
            "protocol": "Tcp",
            "resource_group_name": "grid-terraform",
            "source_address_prefix": "*",
            "source_address_prefixes": null,
            "source_application_security_group_ids": null,
            "source_port_range": "*",
            "source_port_ranges": null,
            "timeouts": null
          },
          "sensitive_attributes": [],
          "private": "eyJlMmJmYjczMC1lY2FhLTExZTYtOGY4OC0zNDM2M2JjN2M0YzAiOnsiY3JlYXRlIjoxODAwMDAwMDAwMDAwLCJkZWxldGUiOjE4MDAwMDAwMDAwMDAsInJlYWQiOjMwMDAwMDAwMDAwMCwidXBkYXRlIjoxODAwMDAwMDAwMDAwfX0=",
          "dependencies": [
            "azurerm_resource_group.rg",
            "module.network_module.azurerm_network_security_group.nsg"
          ]
        }
      ]
    },
    {
      "module": "module.network_module",
      "mode": "managed",
      "type": "azurerm_subnet",
      "name": "subnet",
      "provider": "provider[\"registry.terraform.io/hashicorp/azurerm\"]",
      "instances": [
        {
          "schema_version": 0,
          "attributes": {
            "address_prefixes": [
              "10.0.0.0/24"
            ],
            "default_outbound_access_enabled": true,
            "delegation": [],
            "enforce_private_link_endpoint_network_policies": false,
            "enforce_private_link_service_network_policies": false,
            "id": "/subscriptions/c539c22d-81df-4900-93d0-f5d20ccc64b9/resourceGroups/grid-terraform/providers/Microsoft.Network/virtualNetworks/grid-network-vnet/subnets/grid-network-subnet",
            "name": "grid-network-subnet",
            "private_endpoint_network_policies": "Enabled",
            "private_endpoint_network_policies_enabled": true,
            "private_link_service_network_policies_enabled": true,
            "resource_group_name": "grid-terraform",
            "service_endpoint_policy_ids": null,
            "service_endpoints": null,
            "timeouts": null,
            "virtual_network_name": "grid-network-vnet"
          },
          "sensitive_attributes": [],
          "private": "eyJlMmJmYjczMC1lY2FhLTExZTYtOGY4OC0zNDM2M2JjN2M0YzAiOnsiY3JlYXRlIjoxODAwMDAwMDAwMDAwLCJkZWxldGUiOjE4MDAwMDAwMDAwMDAsInJlYWQiOjMwMDAwMDAwMDAwMCwidXBkYXRlIjoxODAwMDAwMDAwMDAwfX0=",
          "dependencies": [
            "azurerm_resource_group.rg",
            "module.network_module.azurerm_virtual_network.vnet"
          ]
        }
      ]
    },
    {
      "module": "module.network_module",
      "mode": "managed",
      "type": "azurerm_subnet_network_security_group_association",
      "name": "nsg_association",
      "provider": "provider[\"registry.terraform.io/hashicorp/azurerm\"]",
      "instances": [
        {
          "schema_version": 0,
          "attributes": {
            "id": "/subscriptions/c539c22d-81df-4900-93d0-f5d20ccc64b9/resourceGroups/grid-terraform/providers/Microsoft.Network/virtualNetworks/grid-network-vnet/subnets/grid-network-subnet",
            "network_security_group_id": "/subscriptions/c539c22d-81df-4900-93d0-f5d20ccc64b9/resourceGroups/grid-terraform/providers/Microsoft.Network/networkSecurityGroups/grid-network-nsg",
            "subnet_id": "/subscriptions/c539c22d-81df-4900-93d0-f5d20ccc64b9/resourceGroups/grid-terraform/providers/Microsoft.Network/virtualNetworks/grid-network-vnet/subnets/grid-network-subnet",
            "timeouts": null
          },
          "sensitive_attributes": [],
          "private": "eyJlMmJmYjczMC1lY2FhLTExZTYtOGY4OC0zNDM2M2JjN2M0YzAiOnsiY3JlYXRlIjoxODAwMDAwMDAwMDAwLCJkZWxldGUiOjE4MDAwMDAwMDAwMDAsInJlYWQiOjMwMDAwMDAwMDAwMH19",
          "dependencies": [
            "azurerm_resource_group.rg",
            "module.network_module.azurerm_network_security_group.nsg",
            "module.network_module.azurerm_subnet.subnet",
            "module.network_module.azurerm_virtual_network.vnet"
          ]
        }
      ]
    },
    {
      "module": "module.network_module",
      "mode": "managed",
      "type": "azurerm_virtual_network",
      "name": "vnet",
      "provider": "provider[\"registry.terraform.io/hashicorp/azurerm\"]",
      "instances": [
        {
          "schema_version": 0,
          "attributes": {
            "address_space": [
              "10.0.0.0/16"
            ],
            "bgp_community": "",
            "ddos_protection_plan": [],
            "dns_servers": [],
            "edge_zone": "",
            "encryption": [],
            "flow_timeout_in_minutes": 0,
            "guid": "242c989a-c1ea-4682-8c2b-f4023dcd3768",
            "id": "/subscriptions/c539c22d-81df-4900-93d0-f5d20ccc64b9/resourceGroups/grid-terraform/providers/Microsoft.Network/virtualNetworks/grid-network-vnet",
            "location": "westeurope",
            "name": "grid-network-vnet",
            "resource_group_name": "grid-terraform",
            "subnet": [],
            "tags": null,
            "timeouts": null
          },
          "sensitive_attributes": [],
          "private": "eyJlMmJmYjczMC1lY2FhLTExZTYtOGY4OC0zNDM2M2JjN2M0YzAiOnsiY3JlYXRlIjoxODAwMDAwMDAwMDAwLCJkZWxldGUiOjE4MDAwMDAwMDAwMDAsInJlYWQiOjMwMDAwMDAwMDAwMCwidXBkYXRlIjoxODAwMDAwMDAwMDAwfX0=",
          "dependencies": [
            "azurerm_resource_group.rg"
          ]
        }
      ]
    },
    {
      "module": "module.vm_image",
      "mode": "managed",
      "type": "azurerm_managed_disk",
      "name": "disk_from_snap",
      "provider": "provider[\"registry.terraform.io/hashicorp/azurerm\"]",
      "instances": []
    },
    {
      "module": "module.vm_image",
      "mode": "managed",
      "type": "azurerm_network_interface",
      "name": "temp_nic",
      "provider": "provider[\"registry.terraform.io/hashicorp/azurerm\"]",
      "instances": []
    },
    {
      "module": "module.vm_image",
      "mode": "managed",
      "type": "azurerm_snapshot",
      "name": "os_image_snap",
      "provider": "provider[\"registry.terraform.io/hashicorp/azurerm\"]",
      "instances": []
    },
    {
      "module": "module.vm_image",
      "mode": "managed",
      "type": "azurerm_virtual_machine",
      "name": "base_temp_vm",
      "provider": "provider[\"registry.terraform.io/hashicorp/azurerm\"]",
      "instances": []
    },
    {
      "module": "module.vm_image",
      "mode": "managed",
      "type": "azurerm_virtual_machine_extension",
      "name": "vm_script",
      "provider": "provider[\"registry.terraform.io/hashicorp/azurerm\"]",
      "instances": []
    }
  ],
  "check_results": null
}
