{
  "version": 4,
  "terraform_version": "1.10.2",
  "serial": 96,
  "lineage": "a49bbb0c-4fb8-dea9-aeda-e14211427f09",
  "outputs": {
    "lb_frontend_ip": {
      "value": "51.144.48.64",
      "type": "string"
    }
  },
  "resources": [
    {
      "mode": "managed",
      "type": "azurerm_resource_group",
      "name": "rg",
      "provider": "provider[\"registry.terraform.io/hashicorp/azurerm\"]",
      "instances": [
        {
          "schema_version": 0,
          "attributes": {
            "id": "/subscriptions/c539c22d-81df-4900-93d0-f5d20ccc64b9/resourceGroups/grid-terraform",
            "location": "westeurope",
            "managed_by": "",
            "name": "grid-terraform",
            "tags": {},
            "timeouts": null
          },
          "sensitive_attributes": [],
          "private": "eyJlMmJmYjczMC1lY2FhLTExZTYtOGY4OC0zNDM2M2JjN2M0YzAiOnsiY3JlYXRlIjo1NDAwMDAwMDAwMDAwLCJkZWxldGUiOjU0MDAwMDAwMDAwMDAsInJlYWQiOjMwMDAwMDAwMDAwMCwidXBkYXRlIjo1NDAwMDAwMDAwMDAwfX0="
        }
      ]
    },
    {
      "module": "module.load_balancer",
      "mode": "managed",
      "type": "azurerm_lb",
      "name": "lb",
      "provider": "provider[\"registry.terraform.io/hashicorp/azurerm\"]",
      "instances": [
        {
          "schema_version": 0,
          "attributes": {
            "edge_zone": "",
            "frontend_ip_configuration": [
              {
                "gateway_load_balancer_frontend_ip_configuration_id": "",
                "id": "/subscriptions/c539c22d-81df-4900-93d0-f5d20ccc64b9/resourceGroups/grid-terraform/providers/Microsoft.Network/loadBalancers/grid-lb-lb/frontendIPConfigurations/grid-lb-lb-frontend-ip-conf",
                "inbound_nat_rules": [],
                "load_balancer_rules": [
                  "/subscriptions/c539c22d-81df-4900-93d0-f5d20ccc64b9/resourceGroups/grid-terraform/providers/Microsoft.Network/loadBalancers/grid-lb-lb/loadBalancingRules/grid-lb-lb-rule"
                ],
                "name": "grid-lb-lb-frontend-ip-conf",
                "outbound_rules": [],
                "private_ip_address": "",
                "private_ip_address_allocation": "Dynamic",
                "private_ip_address_version": "",
                "public_ip_address_id": "/subscriptions/c539c22d-81df-4900-93d0-f5d20ccc64b9/resourceGroups/grid-terraform/providers/Microsoft.Network/publicIPAddresses/grid-lb-lb-ip",
                "public_ip_prefix_id": "",
                "subnet_id": "",
                "zones": []
              }
            ],
            "id": "/subscriptions/c539c22d-81df-4900-93d0-f5d20ccc64b9/resourceGroups/grid-terraform/providers/Microsoft.Network/loadBalancers/grid-lb-lb",
            "location": "westeurope",
            "name": "grid-lb-lb",
            "private_ip_address": "",
            "private_ip_addresses": [],
            "resource_group_name": "grid-terraform",
            "sku": "Standard",
            "sku_tier": "Regional",
            "tags": {},
            "timeouts": null
          },
          "sensitive_attributes": [],
          "private": "eyJlMmJmYjczMC1lY2FhLTExZTYtOGY4OC0zNDM2M2JjN2M0YzAiOnsiY3JlYXRlIjoxODAwMDAwMDAwMDAwLCJkZWxldGUiOjE4MDAwMDAwMDAwMDAsInJlYWQiOjMwMDAwMDAwMDAwMCwidXBkYXRlIjoxODAwMDAwMDAwMDAwfX0=",
          "dependencies": [
            "azurerm_resource_group.rg",
            "module.load_balancer.azurerm_public_ip.lb_ip"
          ]
        }
      ]
    },
    {
      "module": "module.load_balancer",
      "mode": "managed",
      "type": "azurerm_lb_backend_address_pool",
      "name": "lb_pool",
      "provider": "provider[\"registry.terraform.io/hashicorp/azurerm\"]",
      "instances": [
        {
          "schema_version": 0,
          "attributes": {
            "backend_ip_configurations": [
              "/subscriptions/c539c22d-81df-4900-93d0-f5d20ccc64b9/resourceGroups/grid-terraform/providers/Microsoft.Compute/virtualMachineScaleSets/grid-scale-set-linux-vm-scale-set/virtualMachines/0/networkInterfaces/grid-scale-set-nic/ipConfigurations/internal",
              "/subscriptions/c539c22d-81df-4900-93d0-f5d20ccc64b9/resourceGroups/grid-terraform/providers/Microsoft.Compute/virtualMachineScaleSets/grid-scale-set-linux-vm-scale-set/virtualMachines/1/networkInterfaces/grid-scale-set-nic/ipConfigurations/internal"
            ],
            "id": "/subscriptions/c539c22d-81df-4900-93d0-f5d20ccc64b9/resourceGroups/grid-terraform/providers/Microsoft.Network/loadBalancers/grid-lb-lb/backendAddressPools/grid-lb-backend-pool",
            "inbound_nat_rules": [],
            "load_balancing_rules": [
              "/subscriptions/c539c22d-81df-4900-93d0-f5d20ccc64b9/resourceGroups/grid-terraform/providers/Microsoft.Network/loadBalancers/grid-lb-lb/loadBalancingRules/grid-lb-lb-rule"
            ],
            "loadbalancer_id": "/subscriptions/c539c22d-81df-4900-93d0-f5d20ccc64b9/resourceGroups/grid-terraform/providers/Microsoft.Network/loadBalancers/grid-lb-lb",
            "name": "grid-lb-backend-pool",
            "outbound_rules": [],
            "synchronous_mode": "",
            "timeouts": null,
            "tunnel_interface": [],
            "virtual_network_id": ""
          },
          "sensitive_attributes": [],
          "private": "eyJlMmJmYjczMC1lY2FhLTExZTYtOGY4OC0zNDM2M2JjN2M0YzAiOnsiY3JlYXRlIjoxODAwMDAwMDAwMDAwLCJkZWxldGUiOjE4MDAwMDAwMDAwMDAsInJlYWQiOjMwMDAwMDAwMDAwMCwidXBkYXRlIjoxODAwMDAwMDAwMDAwfX0=",
          "dependencies": [
            "azurerm_resource_group.rg",
            "module.load_balancer.azurerm_lb.lb",
            "module.load_balancer.azurerm_public_ip.lb_ip"
          ]
        }
      ]
    },
    {
      "module": "module.load_balancer",
      "mode": "managed",
      "type": "azurerm_lb_probe",
      "name": "lb_probe",
      "provider": "provider[\"registry.terraform.io/hashicorp/azurerm\"]",
      "instances": [
        {
          "schema_version": 0,
          "attributes": {
            "id": "/subscriptions/c539c22d-81df-4900-93d0-f5d20ccc64b9/resourceGroups/grid-terraform/providers/Microsoft.Network/loadBalancers/grid-lb-lb/probes/grid-lb-health-probe",
            "interval_in_seconds": 5,
            "load_balancer_rules": [
              "/subscriptions/c539c22d-81df-4900-93d0-f5d20ccc64b9/resourceGroups/grid-terraform/providers/Microsoft.Network/loadBalancers/grid-lb-lb/loadBalancingRules/grid-lb-lb-rule"
            ],
            "loadbalancer_id": "/subscriptions/c539c22d-81df-4900-93d0-f5d20ccc64b9/resourceGroups/grid-terraform/providers/Microsoft.Network/loadBalancers/grid-lb-lb",
            "name": "grid-lb-health-probe",
            "number_of_probes": 2,
            "port": 80,
            "probe_threshold": 1,
            "protocol": "Http",
            "request_path": "/",
            "timeouts": null
          },
          "sensitive_attributes": [],
          "private": "eyJlMmJmYjczMC1lY2FhLTExZTYtOGY4OC0zNDM2M2JjN2M0YzAiOnsiY3JlYXRlIjoxODAwMDAwMDAwMDAwLCJkZWxldGUiOjE4MDAwMDAwMDAwMDAsInJlYWQiOjMwMDAwMDAwMDAwMCwidXBkYXRlIjoxODAwMDAwMDAwMDAwfX0=",
          "dependencies": [
            "azurerm_resource_group.rg",
            "module.load_balancer.azurerm_lb.lb",
            "module.load_balancer.azurerm_public_ip.lb_ip"
          ]
        }
      ]
    },
    {
      "module": "module.load_balancer",
      "mode": "managed",
      "type": "azurerm_lb_rule",
      "name": "lb_rule",
      "provider": "provider[\"registry.terraform.io/hashicorp/azurerm\"]",
      "instances": [
        {
          "schema_version": 0,
          "attributes": {
            "backend_address_pool_ids": [
              "/subscriptions/c539c22d-81df-4900-93d0-f5d20ccc64b9/resourceGroups/grid-terraform/providers/Microsoft.Network/loadBalancers/grid-lb-lb/backendAddressPools/grid-lb-backend-pool"
            ],
            "backend_port": 80,
            "disable_outbound_snat": false,
            "enable_floating_ip": false,
            "enable_tcp_reset": false,
            "frontend_ip_configuration_id": "/subscriptions/c539c22d-81df-4900-93d0-f5d20ccc64b9/resourceGroups/grid-terraform/providers/Microsoft.Network/loadBalancers/grid-lb-lb/frontendIPConfigurations/grid-lb-lb-frontend-ip-conf",
            "frontend_ip_configuration_name": "grid-lb-lb-frontend-ip-conf",
            "frontend_port": 80,
            "id": "/subscriptions/c539c22d-81df-4900-93d0-f5d20ccc64b9/resourceGroups/grid-terraform/providers/Microsoft.Network/loadBalancers/grid-lb-lb/loadBalancingRules/grid-lb-lb-rule",
            "idle_timeout_in_minutes": 5,
            "load_distribution": "Default",
            "loadbalancer_id": "/subscriptions/c539c22d-81df-4900-93d0-f5d20ccc64b9/resourceGroups/grid-terraform/providers/Microsoft.Network/loadBalancers/grid-lb-lb",
            "name": "grid-lb-lb-rule",
            "probe_id": "/subscriptions/c539c22d-81df-4900-93d0-f5d20ccc64b9/resourceGroups/grid-terraform/providers/Microsoft.Network/loadBalancers/grid-lb-lb/probes/grid-lb-health-probe",
            "protocol": "Tcp",
            "timeouts": null
          },
          "sensitive_attributes": [],
          "private": "eyJlMmJmYjczMC1lY2FhLTExZTYtOGY4OC0zNDM2M2JjN2M0YzAiOnsiY3JlYXRlIjoxODAwMDAwMDAwMDAwLCJkZWxldGUiOjE4MDAwMDAwMDAwMDAsInJlYWQiOjMwMDAwMDAwMDAwMCwidXBkYXRlIjoxODAwMDAwMDAwMDAwfX0=",
          "dependencies": [
            "azurerm_resource_group.rg",
            "module.load_balancer.azurerm_lb.lb",
            "module.load_balancer.azurerm_lb_backend_address_pool.lb_pool",
            "module.load_balancer.azurerm_lb_probe.lb_probe",
            "module.load_balancer.azurerm_public_ip.lb_ip"
          ]
        }
      ]
    },
    {
      "module": "module.load_balancer",
      "mode": "managed",
      "type": "azurerm_public_ip",
      "name": "lb_ip",
      "provider": "provider[\"registry.terraform.io/hashicorp/azurerm\"]",
      "instances": [
        {
          "schema_version": 0,
          "attributes": {
            "allocation_method": "Static",
            "ddos_protection_mode": "VirtualNetworkInherited",
            "ddos_protection_plan_id": null,
            "domain_name_label": null,
            "edge_zone": "",
            "fqdn": null,
            "id": "/subscriptions/c539c22d-81df-4900-93d0-f5d20ccc64b9/resourceGroups/grid-terraform/providers/Microsoft.Network/publicIPAddresses/grid-lb-lb-ip",
            "idle_timeout_in_minutes": 4,
            "ip_address": "51.144.48.64",
            "ip_tags": {},
            "ip_version": "IPv4",
            "location": "westeurope",
            "name": "grid-lb-lb-ip",
            "public_ip_prefix_id": null,
            "resource_group_name": "grid-terraform",
            "reverse_fqdn": null,
            "sku": "Standard",
            "sku_tier": "Regional",
            "tags": {},
            "timeouts": null,
            "zones": []
          },
          "sensitive_attributes": [],
          "private": "eyJlMmJmYjczMC1lY2FhLTExZTYtOGY4OC0zNDM2M2JjN2M0YzAiOnsiY3JlYXRlIjoxODAwMDAwMDAwMDAwLCJkZWxldGUiOjE4MDAwMDAwMDAwMDAsInJlYWQiOjMwMDAwMDAwMDAwMCwidXBkYXRlIjoxODAwMDAwMDAwMDAwfX0=",
          "dependencies": [
            "azurerm_resource_group.rg"
          ]
        }
      ]
    },
    {
      "module": "module.network_module",
      "mode": "managed",
      "type": "azurerm_network_security_group",
      "name": "nsg",
      "provider": "provider[\"registry.terraform.io/hashicorp/azurerm\"]",
      "instances": [
        {
          "schema_version": 0,
          "attributes": {
            "id": "/subscriptions/c539c22d-81df-4900-93d0-f5d20ccc64b9/resourceGroups/grid-terraform/providers/Microsoft.Network/networkSecurityGroups/grid-network-nsg",
            "location": "westeurope",
            "name": "grid-network-nsg",
            "resource_group_name": "grid-terraform",
            "security_rule": [
              {
                "access": "Allow",
                "description": "",
                "destination_address_prefix": "*",
                "destination_address_prefixes": [],
                "destination_application_security_group_ids": [],
                "destination_port_range": "22",
                "destination_port_ranges": [],
                "direction": "Inbound",
                "name": "ssh",
                "priority": 1001,
                "protocol": "Tcp",
                "source_address_prefix": "*",
                "source_address_prefixes": [],
                "source_application_security_group_ids": [],
                "source_port_range": "*",
                "source_port_ranges": []
              },
              {
                "access": "Allow",
                "description": "",
                "destination_address_prefix": "*",
                "destination_address_prefixes": [],
                "destination_application_security_group_ids": [],
                "destination_port_range": "80",
                "destination_port_ranges": [],
                "direction": "Inbound",
                "name": "http",
                "priority": 1002,
                "protocol": "Tcp",
                "source_address_prefix": "*",
                "source_address_prefixes": [],
                "source_application_security_group_ids": [],
                "source_port_range": "25565-25570",
                "source_port_ranges": []
              }
            ],
            "tags": {},
            "timeouts": null
          },
          "sensitive_attributes": [],
          "private": "eyJlMmJmYjczMC1lY2FhLTExZTYtOGY4OC0zNDM2M2JjN2M0YzAiOnsiY3JlYXRlIjoxODAwMDAwMDAwMDAwLCJkZWxldGUiOjE4MDAwMDAwMDAwMDAsInJlYWQiOjMwMDAwMDAwMDAwMCwidXBkYXRlIjoxODAwMDAwMDAwMDAwfX0=",
          "dependencies": [
            "azurerm_resource_group.rg"
          ]
        }
      ]
    },
    {
      "module": "module.network_module",
      "mode": "managed",
      "type": "azurerm_network_security_rule",
      "name": "nsg_rules",
      "provider": "provider[\"registry.terraform.io/hashicorp/azurerm\"]",
      "instances": [
        {
          "index_key": "http",
          "schema_version": 0,
          "attributes": {
            "access": "Allow",
            "description": "",
            "destination_address_prefix": "*",
            "destination_address_prefixes": [],
            "destination_application_security_group_ids": [],
            "destination_port_range": "80",
            "destination_port_ranges": [],
            "direction": "Inbound",
            "id": "/subscriptions/c539c22d-81df-4900-93d0-f5d20ccc64b9/resourceGroups/grid-terraform/providers/Microsoft.Network/networkSecurityGroups/grid-network-nsg/securityRules/http",
            "name": "http",
            "network_security_group_name": "grid-network-nsg",
            "priority": 1002,
            "protocol": "Tcp",
            "resource_group_name": "grid-terraform",
            "source_address_prefix": "*",
            "source_address_prefixes": [],
            "source_application_security_group_ids": [],
            "source_port_range": "80",
            "source_port_ranges": [],
            "timeouts": null
          },
          "sensitive_attributes": [],
          "private": "eyJlMmJmYjczMC1lY2FhLTExZTYtOGY4OC0zNDM2M2JjN2M0YzAiOnsiY3JlYXRlIjoxODAwMDAwMDAwMDAwLCJkZWxldGUiOjE4MDAwMDAwMDAwMDAsInJlYWQiOjMwMDAwMDAwMDAwMCwidXBkYXRlIjoxODAwMDAwMDAwMDAwfX0=",
          "dependencies": [
            "azurerm_resource_group.rg",
            "module.network_module.azurerm_network_security_group.nsg"
          ]
        },
        {
          "index_key": "ssh",
          "schema_version": 0,
          "attributes": {
            "access": "Allow",
            "description": "",
            "destination_address_prefix": "*",
            "destination_address_prefixes": [],
            "destination_application_security_group_ids": [],
            "destination_port_range": "22",
            "destination_port_ranges": [],
            "direction": "Inbound",
            "id": "/subscriptions/c539c22d-81df-4900-93d0-f5d20ccc64b9/resourceGroups/grid-terraform/providers/Microsoft.Network/networkSecurityGroups/grid-network-nsg/securityRules/ssh",
            "name": "ssh",
            "network_security_group_name": "grid-network-nsg",
            "priority": 1001,
            "protocol": "Tcp",
            "resource_group_name": "grid-terraform",
            "source_address_prefix": "*",
            "source_address_prefixes": [],
            "source_application_security_group_ids": [],
            "source_port_range": "*",
            "source_port_ranges": [],
            "timeouts": null
          },
          "sensitive_attributes": [],
          "private": "eyJlMmJmYjczMC1lY2FhLTExZTYtOGY4OC0zNDM2M2JjN2M0YzAiOnsiY3JlYXRlIjoxODAwMDAwMDAwMDAwLCJkZWxldGUiOjE4MDAwMDAwMDAwMDAsInJlYWQiOjMwMDAwMDAwMDAwMCwidXBkYXRlIjoxODAwMDAwMDAwMDAwfX0=",
          "dependencies": [
            "azurerm_resource_group.rg",
            "module.network_module.azurerm_network_security_group.nsg"
          ]
        }
      ]
    },
    {
      "module": "module.network_module",
      "mode": "managed",
      "type": "azurerm_subnet",
      "name": "subnet",
      "provider": "provider[\"registry.terraform.io/hashicorp/azurerm\"]",
      "instances": [
        {
          "schema_version": 0,
          "attributes": {
            "address_prefixes": [
              "10.0.0.0/24"
            ],
            "default_outbound_access_enabled": true,
            "delegation": [],
            "enforce_private_link_endpoint_network_policies": false,
            "enforce_private_link_service_network_policies": false,
            "id": "/subscriptions/c539c22d-81df-4900-93d0-f5d20ccc64b9/resourceGroups/grid-terraform/providers/Microsoft.Network/virtualNetworks/grid-network-vnet/subnets/grid-network-subnet",
            "name": "grid-network-subnet",
            "private_endpoint_network_policies": "Enabled",
            "private_endpoint_network_policies_enabled": true,
            "private_link_service_network_policies_enabled": true,
            "resource_group_name": "grid-terraform",
            "service_endpoint_policy_ids": [],
            "service_endpoints": [],
            "timeouts": null,
            "virtual_network_name": "grid-network-vnet"
          },
          "sensitive_attributes": [],
          "private": "eyJlMmJmYjczMC1lY2FhLTExZTYtOGY4OC0zNDM2M2JjN2M0YzAiOnsiY3JlYXRlIjoxODAwMDAwMDAwMDAwLCJkZWxldGUiOjE4MDAwMDAwMDAwMDAsInJlYWQiOjMwMDAwMDAwMDAwMCwidXBkYXRlIjoxODAwMDAwMDAwMDAwfX0=",
          "dependencies": [
            "azurerm_resource_group.rg",
            "module.network_module.azurerm_virtual_network.vnet"
          ]
        }
      ]
    },
    {
      "module": "module.network_module",
      "mode": "managed",
      "type": "azurerm_subnet_network_security_group_association",
      "name": "nsg_association",
      "provider": "provider[\"registry.terraform.io/hashicorp/azurerm\"]",
      "instances": [
        {
          "schema_version": 0,
          "attributes": {
            "id": "/subscriptions/c539c22d-81df-4900-93d0-f5d20ccc64b9/resourceGroups/grid-terraform/providers/Microsoft.Network/virtualNetworks/grid-network-vnet/subnets/grid-network-subnet",
            "network_security_group_id": "/subscriptions/c539c22d-81df-4900-93d0-f5d20ccc64b9/resourceGroups/grid-terraform/providers/Microsoft.Network/networkSecurityGroups/grid-network-nsg",
            "subnet_id": "/subscriptions/c539c22d-81df-4900-93d0-f5d20ccc64b9/resourceGroups/grid-terraform/providers/Microsoft.Network/virtualNetworks/grid-network-vnet/subnets/grid-network-subnet",
            "timeouts": null
          },
          "sensitive_attributes": [],
          "private": "eyJlMmJmYjczMC1lY2FhLTExZTYtOGY4OC0zNDM2M2JjN2M0YzAiOnsiY3JlYXRlIjoxODAwMDAwMDAwMDAwLCJkZWxldGUiOjE4MDAwMDAwMDAwMDAsInJlYWQiOjMwMDAwMDAwMDAwMH19",
          "dependencies": [
            "azurerm_resource_group.rg",
            "module.network_module.azurerm_network_security_group.nsg",
            "module.network_module.azurerm_subnet.subnet",
            "module.network_module.azurerm_virtual_network.vnet"
          ]
        }
      ]
    },
    {
      "module": "module.network_module",
      "mode": "managed",
      "type": "azurerm_virtual_network",
      "name": "vnet",
      "provider": "provider[\"registry.terraform.io/hashicorp/azurerm\"]",
      "instances": [
        {
          "schema_version": 0,
          "attributes": {
            "address_space": [
              "10.0.0.0/16"
            ],
            "bgp_community": "",
            "ddos_protection_plan": [],
            "dns_servers": [],
            "edge_zone": "",
            "encryption": [],
            "flow_timeout_in_minutes": 0,
            "guid": "4f8a5541-0e64-47fa-893d-587036802aef",
            "id": "/subscriptions/c539c22d-81df-4900-93d0-f5d20ccc64b9/resourceGroups/grid-terraform/providers/Microsoft.Network/virtualNetworks/grid-network-vnet",
            "location": "westeurope",
            "name": "grid-network-vnet",
            "resource_group_name": "grid-terraform",
            "subnet": [
              {
                "address_prefix": "10.0.0.0/24",
                "id": "/subscriptions/c539c22d-81df-4900-93d0-f5d20ccc64b9/resourceGroups/grid-terraform/providers/Microsoft.Network/virtualNetworks/grid-network-vnet/subnets/grid-network-subnet",
                "name": "grid-network-subnet",
                "security_group": "/subscriptions/c539c22d-81df-4900-93d0-f5d20ccc64b9/resourceGroups/grid-terraform/providers/Microsoft.Network/networkSecurityGroups/grid-network-nsg"
              }
            ],
            "tags": {},
            "timeouts": null
          },
          "sensitive_attributes": [],
          "private": "eyJlMmJmYjczMC1lY2FhLTExZTYtOGY4OC0zNDM2M2JjN2M0YzAiOnsiY3JlYXRlIjoxODAwMDAwMDAwMDAwLCJkZWxldGUiOjE4MDAwMDAwMDAwMDAsInJlYWQiOjMwMDAwMDAwMDAwMCwidXBkYXRlIjoxODAwMDAwMDAwMDAwfX0=",
          "dependencies": [
            "azurerm_resource_group.rg"
          ]
        }
      ]
    },
    {
      "module": "module.vm_image",
      "mode": "managed",
      "type": "azurerm_image",
      "name": "img_from_managed_disk",
      "provider": "provider[\"registry.terraform.io/hashicorp/azurerm\"]",
      "instances": [
        {
          "schema_version": 0,
          "attributes": {
            "data_disk": [],
            "hyper_v_generation": "V1",
            "id": "/subscriptions/c539c22d-81df-4900-93d0-f5d20ccc64b9/resourceGroups/grid-terraform/providers/Microsoft.Compute/images/grid-image-base-vm-image",
            "location": "westeurope",
            "name": "grid-image-base-vm-image",
            "os_disk": [
              {
                "blob_uri": "",
                "caching": "None",
                "disk_encryption_set_id": "",
                "managed_disk_id": "/subscriptions/c539c22d-81df-4900-93d0-f5d20ccc64b9/resourceGroups/grid-terraform/providers/Microsoft.Compute/disks/grid-image-base-vm-disk",
                "os_state": "Generalized",
                "os_type": "Linux",
                "size_gb": 30
              }
            ],
            "resource_group_name": "grid-terraform",
            "source_virtual_machine_id": null,
            "tags": {},
            "timeouts": null,
            "zone_resilient": false
          },
          "sensitive_attributes": [],
          "private": "eyJlMmJmYjczMC1lY2FhLTExZTYtOGY4OC0zNDM2M2JjN2M0YzAiOnsiY3JlYXRlIjo1NDAwMDAwMDAwMDAwLCJkZWxldGUiOjU0MDAwMDAwMDAwMDAsInJlYWQiOjMwMDAwMDAwMDAwMCwidXBkYXRlIjo1NDAwMDAwMDAwMDAwfX0=",
          "dependencies": [
            "azurerm_resource_group.rg",
            "module.network_module.azurerm_subnet.subnet",
            "module.network_module.azurerm_virtual_network.vnet",
            "module.vm_image.azurerm_managed_disk.disk_from_snap",
            "module.vm_image.azurerm_network_interface.temp_nic",
            "module.vm_image.azurerm_snapshot.os_image_snap",
            "module.vm_image.azurerm_virtual_machine.base_temp_vm",
            "module.vm_image.azurerm_virtual_machine_extension.vm_script"
          ]
        }
      ]
    },
    {
      "module": "module.vm_image",
      "mode": "managed",
      "type": "azurerm_managed_disk",
      "name": "disk_from_snap",
      "provider": "provider[\"registry.terraform.io/hashicorp/azurerm\"]",
      "instances": [
        {
          "index_key": 0,
          "schema_version": 1,
          "attributes": {
            "create_option": "Copy",
            "disk_access_id": "",
            "disk_encryption_set_id": "",
            "disk_iops_read_only": 0,
            "disk_iops_read_write": 500,
            "disk_mbps_read_only": 0,
            "disk_mbps_read_write": 60,
            "disk_size_gb": 30,
            "edge_zone": "",
            "encryption_settings": [],
            "gallery_image_reference_id": "",
            "hyper_v_generation": "V1",
            "id": "/subscriptions/c539c22d-81df-4900-93d0-f5d20ccc64b9/resourceGroups/grid-terraform/providers/Microsoft.Compute/disks/grid-image-base-vm-disk",
            "image_reference_id": "",
            "location": "westeurope",
            "logical_sector_size": null,
            "max_shares": 0,
            "name": "grid-image-base-vm-disk",
            "network_access_policy": null,
            "on_demand_bursting_enabled": false,
            "optimized_frequent_attach_enabled": false,
            "os_type": "Linux",
            "performance_plus_enabled": false,
            "public_network_access_enabled": true,
            "resource_group_name": "grid-terraform",
            "secure_vm_disk_encryption_set_id": "",
            "security_type": "",
            "source_resource_id": "/subscriptions/c539c22d-81df-4900-93d0-f5d20ccc64b9/resourceGroups/grid-terraform/providers/Microsoft.Compute/snapshots/grid-image-base-vm-snapshot",
            "source_uri": "",
            "storage_account_id": "",
            "storage_account_type": "Standard_LRS",
            "tags": {},
            "tier": "",
            "timeouts": null,
            "trusted_launch_enabled": false,
            "upload_size_bytes": 0,
            "zone": ""
          },
          "sensitive_attributes": [],
          "private": "eyJlMmJmYjczMC1lY2FhLTExZTYtOGY4OC0zNDM2M2JjN2M0YzAiOnsiY3JlYXRlIjoxODAwMDAwMDAwMDAwLCJkZWxldGUiOjE4MDAwMDAwMDAwMDAsInJlYWQiOjMwMDAwMDAwMDAwMCwidXBkYXRlIjoxODAwMDAwMDAwMDAwfSwic2NoZW1hX3ZlcnNpb24iOiIxIn0=",
          "dependencies": [
            "azurerm_resource_group.rg",
            "module.network_module.azurerm_subnet.subnet",
            "module.network_module.azurerm_virtual_network.vnet",
            "module.vm_image.azurerm_network_interface.temp_nic",
            "module.vm_image.azurerm_snapshot.os_image_snap",
            "module.vm_image.azurerm_virtual_machine.base_temp_vm",
            "module.vm_image.azurerm_virtual_machine_extension.vm_script"
          ]
        }
      ]
    },
    {
      "module": "module.vm_image",
      "mode": "managed",
      "type": "azurerm_network_interface",
      "name": "temp_nic",
      "provider": "provider[\"registry.terraform.io/hashicorp/azurerm\"]",
      "instances": [
        {
          "index_key": 0,
          "schema_version": 0,
          "attributes": {
            "accelerated_networking_enabled": false,
            "applied_dns_servers": [],
            "auxiliary_mode": "",
            "auxiliary_sku": "",
            "dns_servers": [],
            "edge_zone": "",
            "enable_accelerated_networking": false,
            "enable_ip_forwarding": false,
            "id": "/subscriptions/c539c22d-81df-4900-93d0-f5d20ccc64b9/resourceGroups/grid-terraform/providers/Microsoft.Network/networkInterfaces/grid-image-base-vm-temp-nic",
            "internal_dns_name_label": "",
            "internal_domain_name_suffix": "ifkyut1eb13epcj3lbydnabk3h.ax.internal.cloudapp.net",
            "ip_configuration": [
              {
                "gateway_load_balancer_frontend_ip_configuration_id": "",
                "name": "internal",
                "primary": true,
                "private_ip_address": "10.0.0.4",
                "private_ip_address_allocation": "Dynamic",
                "private_ip_address_version": "IPv4",
                "public_ip_address_id": "",
                "subnet_id": "/subscriptions/c539c22d-81df-4900-93d0-f5d20ccc64b9/resourceGroups/grid-terraform/providers/Microsoft.Network/virtualNetworks/grid-network-vnet/subnets/grid-network-subnet"
              }
            ],
            "ip_forwarding_enabled": false,
            "location": "westeurope",
            "mac_address": "60-45-BD-8F-88-14",
            "name": "grid-image-base-vm-temp-nic",
            "private_ip_address": "10.0.0.4",
            "private_ip_addresses": [
              "10.0.0.4"
            ],
            "resource_group_name": "grid-terraform",
            "tags": {},
            "timeouts": null,
            "virtual_machine_id": "/subscriptions/c539c22d-81df-4900-93d0-f5d20ccc64b9/resourceGroups/grid-terraform/providers/Microsoft.Compute/virtualMachines/grid-image-base-temp-vm"
          },
          "sensitive_attributes": [],
          "private": "eyJlMmJmYjczMC1lY2FhLTExZTYtOGY4OC0zNDM2M2JjN2M0YzAiOnsiY3JlYXRlIjoxODAwMDAwMDAwMDAwLCJkZWxldGUiOjE4MDAwMDAwMDAwMDAsInJlYWQiOjMwMDAwMDAwMDAwMCwidXBkYXRlIjoxODAwMDAwMDAwMDAwfX0=",
          "dependencies": [
            "azurerm_resource_group.rg",
            "module.network_module.azurerm_subnet.subnet",
            "module.network_module.azurerm_virtual_network.vnet"
          ]
        }
      ]
    },
    {
      "module": "module.vm_image",
      "mode": "managed",
      "type": "azurerm_snapshot",
      "name": "os_image_snap",
      "provider": "provider[\"registry.terraform.io/hashicorp/azurerm\"]",
      "instances": [
        {
          "index_key": 0,
          "schema_version": 1,
          "attributes": {
            "create_option": "Copy",
            "disk_access_id": "",
            "disk_size_gb": 30,
            "encryption_settings": [],
            "id": "/subscriptions/c539c22d-81df-4900-93d0-f5d20ccc64b9/resourceGroups/grid-terraform/providers/Microsoft.Compute/snapshots/grid-image-base-vm-snapshot",
            "incremental_enabled": false,
            "location": "westeurope",
            "name": "grid-image-base-vm-snapshot",
            "network_access_policy": "AllowAll",
            "public_network_access_enabled": true,
            "resource_group_name": "grid-terraform",
            "source_resource_id": null,
            "source_uri": "/subscriptions/c539c22d-81df-4900-93d0-f5d20ccc64b9/resourceGroups/grid-terraform/providers/Microsoft.Compute/disks/base-temp-osdisk",
            "storage_account_id": "",
            "tags": {},
            "timeouts": null,
            "trusted_launch_enabled": false
          },
          "sensitive_attributes": [],
          "private": "eyJlMmJmYjczMC1lY2FhLTExZTYtOGY4OC0zNDM2M2JjN2M0YzAiOnsiY3JlYXRlIjoxODAwMDAwMDAwMDAwLCJkZWxldGUiOjE4MDAwMDAwMDAwMDAsInJlYWQiOjMwMDAwMDAwMDAwMCwidXBkYXRlIjoxODAwMDAwMDAwMDAwfSwic2NoZW1hX3ZlcnNpb24iOiIxIn0=",
          "dependencies": [
            "azurerm_resource_group.rg",
            "module.network_module.azurerm_subnet.subnet",
            "module.network_module.azurerm_virtual_network.vnet",
            "module.vm_image.azurerm_network_interface.temp_nic",
            "module.vm_image.azurerm_virtual_machine.base_temp_vm",
            "module.vm_image.azurerm_virtual_machine_extension.vm_script"
          ]
        }
      ]
    },
    {
      "module": "module.vm_image",
      "mode": "managed",
      "type": "azurerm_virtual_machine",
      "name": "base_temp_vm",
      "provider": "provider[\"registry.terraform.io/hashicorp/azurerm\"]",
      "instances": [
        {
          "index_key": 0,
          "schema_version": 0,
          "attributes": {
            "additional_capabilities": [],
            "availability_set_id": null,
            "boot_diagnostics": [],
            "delete_data_disks_on_termination": false,
            "delete_os_disk_on_termination": true,
            "id": "/subscriptions/c539c22d-81df-4900-93d0-f5d20ccc64b9/resourceGroups/grid-terraform/providers/Microsoft.Compute/virtualMachines/grid-image-base-temp-vm",
            "identity": [],
            "license_type": null,
            "location": "westeurope",
            "name": "grid-image-base-temp-vm",
            "network_interface_ids": [
              "/subscriptions/c539c22d-81df-4900-93d0-f5d20ccc64b9/resourceGroups/grid-terraform/providers/Microsoft.Network/networkInterfaces/grid-image-base-vm-temp-nic"
            ],
            "os_profile": [
              {
                "admin_password": "",
                "admin_username": "azureuser",
                "computer_name": "tempvm",
                "custom_data": ""
              }
            ],
            "os_profile_linux_config": [
              {
                "disable_password_authentication": false,
                "ssh_keys": []
              }
            ],
            "os_profile_secrets": [],
            "os_profile_windows_config": [],
            "plan": [],
            "primary_network_interface_id": null,
            "proximity_placement_group_id": null,
            "resource_group_name": "grid-terraform",
            "storage_data_disk": [],
            "storage_image_reference": [
              {
                "id": "",
                "offer": "0001-com-ubuntu-server-focal",
                "publisher": "Canonical",
                "sku": "20_04-lts",
                "version": "latest"
              }
            ],
            "storage_os_disk": [
              {
                "caching": "ReadWrite",
                "create_option": "FromImage",
                "disk_size_gb": 30,
                "image_uri": "",
                "managed_disk_id": "/subscriptions/c539c22d-81df-4900-93d0-f5d20ccc64b9/resourceGroups/grid-terraform/providers/Microsoft.Compute/disks/base-temp-osdisk",
                "managed_disk_type": "Standard_LRS",
                "name": "base-temp-osdisk",
                "os_type": "Linux",
                "vhd_uri": "",
                "write_accelerator_enabled": false
              }
            ],
            "tags": {},
            "timeouts": null,
            "vm_size": "Standard_B1s",
            "zones": []
          },
          "sensitive_attributes": [
            [
              {
                "type": "get_attr",
                "value": "os_profile"
              }
            ]
          ],
          "private": "eyJlMmJmYjczMC1lY2FhLTExZTYtOGY4OC0zNDM2M2JjN2M0YzAiOnsiY3JlYXRlIjozNjAwMDAwMDAwMDAwLCJkZWxldGUiOjM2MDAwMDAwMDAwMDAsInJlYWQiOjMwMDAwMDAwMDAwMCwidXBkYXRlIjozNjAwMDAwMDAwMDAwfX0=",
          "dependencies": [
            "azurerm_resource_group.rg",
            "module.network_module.azurerm_subnet.subnet",
            "module.network_module.azurerm_virtual_network.vnet",
            "module.vm_image.azurerm_network_interface.temp_nic"
          ]
        }
      ]
    },
    {
      "module": "module.vm_image",
      "mode": "managed",
      "type": "azurerm_virtual_machine_extension",
      "name": "vm_script",
      "provider": "provider[\"registry.terraform.io/hashicorp/azurerm\"]",
      "instances": [
        {
          "index_key": 0,
          "schema_version": 0,
          "attributes": {
            "auto_upgrade_minor_version": false,
            "automatic_upgrade_enabled": false,
            "failure_suppression_enabled": false,
            "id": "/subscriptions/c539c22d-81df-4900-93d0-f5d20ccc64b9/resourceGroups/grid-terraform/providers/Microsoft.Compute/virtualMachines/grid-image-base-temp-vm/extensions/grid-image-vm-script",
            "name": "grid-image-vm-script",
            "protected_settings": null,
            "protected_settings_from_key_vault": [],
            "provision_after_extensions": [],
            "publisher": "Microsoft.Azure.Extensions",
            "settings": "{\"script\":\"IyEvYmluL2Jhc2gKYXB0IHVwZGF0ZQphcHQgaW5zdGFsbCAteSBhcGFjaGUyCmVjaG8gIjxodG1sPjxib2R5PjxoMT4kKGhvc3RuYW1lKTwvaDE+PC9ib2R5PjwvaHRtbD4iID4gL2hvbWUvYXp1cmV1c2VyL3BhZ2UuaHRtbApjcCAvaG9tZS9henVyZXVzZXIvcGFnZS5odG1sIC92YXIvd3d3L2h0bWwvaW5kZXguaHRtbAo=\"}",
            "tags": {},
            "timeouts": null,
            "type": "CustomScript",
            "type_handler_version": "2.0",
            "virtual_machine_id": "/subscriptions/c539c22d-81df-4900-93d0-f5d20ccc64b9/resourceGroups/grid-terraform/providers/Microsoft.Compute/virtualMachines/grid-image-base-temp-vm"
          },
          "sensitive_attributes": [
            [
              {
                "type": "get_attr",
                "value": "protected_settings"
              }
            ]
          ],
          "private": "eyJlMmJmYjczMC1lY2FhLTExZTYtOGY4OC0zNDM2M2JjN2M0YzAiOnsiY3JlYXRlIjoxODAwMDAwMDAwMDAwLCJkZWxldGUiOjE4MDAwMDAwMDAwMDAsInJlYWQiOjMwMDAwMDAwMDAwMCwidXBkYXRlIjoxODAwMDAwMDAwMDAwfX0=",
          "dependencies": [
            "azurerm_resource_group.rg",
            "module.network_module.azurerm_subnet.subnet",
            "module.network_module.azurerm_virtual_network.vnet",
            "module.vm_image.azurerm_network_interface.temp_nic",
            "module.vm_image.azurerm_virtual_machine.base_temp_vm"
          ]
        }
      ]
    },
    {
      "module": "module.vms_scale_set",
      "mode": "managed",
      "type": "azurerm_linux_virtual_machine_scale_set",
      "name": "linux_vm_scale_set",
      "provider": "provider[\"registry.terraform.io/hashicorp/azurerm\"]",
      "instances": [
        {
          "schema_version": 0,
          "attributes": {
            "additional_capabilities": [],
            "admin_password": null,
            "admin_ssh_key": [
              {
                "public_key": "ssh-rsa AAAAB3NzaC1yc2EAAAADAQABAAABgQDTyNTnRMC1hxLhsA7JI4ZsLdZTBqFxkJSp/fmOIt1B+uYokjPljgoNNuqahzuiZ/26Uw4dcDwfcv6h0xeHp1nXtCuSYWdbVDDxYojQRWsVXYr72kex44Tg0WF4g7A1ub/lB+2Ik0e96SFYY/vlsqji6ie1c2pdtS6yuJBtgipDp3WEmgDArWw9PkvGzlZG58eW4DQSeNf/WsGsamIKpqzQm3jKpDvUfpeIxK2z+Qv1w5YyzAEM2InzFleUafx7PSZ9/rdJKRBRmts52c7FA8Z7LiGcZYtBL1S37NDdMwNFZDWJ3M8sDRSSblgndm9dkQdsQu3zqYn1TBrJK/pnPwIULMHIlpiyZo109tbQwzDRRvm9Ns/JRjpusEOE8aZEIlVSgipMs9H/mIS6oriAoolgUTVcmrenKAIZjQNjWM/syx3MEdmdv8SbSYnixV4ZT0wGkgmShQxsv1SfeAkSqNOiO3+OjjRkSyAM2tBFn9Xy8Ll9bxorUYOX7qxWheWfoTs= olek.drwal@gmail.com\n",
                "username": "azureuser"
              }
            ],
            "admin_username": "azureuser",
            "automatic_instance_repair": [],
            "automatic_os_upgrade_policy": [],
            "boot_diagnostics": [],
            "capacity_reservation_group_id": "",
            "computer_name_prefix": "grid-scale-set-linux-vm-scale-set",
            "custom_data": null,
            "data_disk": [],
            "disable_password_authentication": true,
            "do_not_run_extensions_on_overprovisioned_machines": false,
            "edge_zone": "",
            "encryption_at_host_enabled": false,
            "eviction_policy": "",
            "extension": [
              {
                "auto_upgrade_minor_version": true,
                "automatic_upgrade_enabled": false,
                "force_update_tag": "",
                "name": "grid-scale-set-landing-page-script",
                "protected_settings": "",
                "protected_settings_from_key_vault": [],
                "provision_after_extensions": [],
                "publisher": "Microsoft.Azure.Extensions",
                "settings": "{\"script\":\"IyEvYmluL2Jhc2gKZWNobyAiPGh0bWw+PGJvZHk+PGgxPiQoaG9zdG5hbWUpPC9oMT48L2JvZHk+PC9odG1sPiIgPiAvaG9tZS9henVyZXVzZXIvcGFnZS5odG1sCmNwIC9ob21lL2F6dXJldXNlci9wYWdlLmh0bWwgL3Zhci93d3cvaHRtbC9pbmRleC5odG1sCg==\"}",
                "type": "CustomScript",
                "type_handler_version": "2.0"
              }
            ],
            "extension_operations_enabled": true,
            "extensions_time_budget": "PT1H30M",
            "gallery_application": [],
            "gallery_applications": [],
            "health_probe_id": "",
            "host_group_id": null,
            "id": "/subscriptions/c539c22d-81df-4900-93d0-f5d20ccc64b9/resourceGroups/grid-terraform/providers/Microsoft.Compute/virtualMachineScaleSets/grid-scale-set-linux-vm-scale-set",
            "identity": [],
            "instances": 2,
            "location": "westeurope",
            "max_bid_price": -1,
            "name": "grid-scale-set-linux-vm-scale-set",
            "network_interface": [
              {
                "dns_servers": [],
                "enable_accelerated_networking": false,
                "enable_ip_forwarding": false,
                "ip_configuration": [
                  {
                    "application_gateway_backend_address_pool_ids": [],
                    "application_security_group_ids": [],
                    "load_balancer_backend_address_pool_ids": [
                      "/subscriptions/c539c22d-81df-4900-93d0-f5d20ccc64b9/resourceGroups/grid-terraform/providers/Microsoft.Network/loadBalancers/grid-lb-lb/backendAddressPools/grid-lb-backend-pool"
                    ],
                    "load_balancer_inbound_nat_rules_ids": [],
                    "name": "internal",
                    "primary": true,
                    "public_ip_address": [],
                    "subnet_id": "/subscriptions/c539c22d-81df-4900-93d0-f5d20ccc64b9/resourceGroups/grid-terraform/providers/Microsoft.Network/virtualNetworks/grid-network-vnet/subnets/grid-network-subnet",
                    "version": "IPv4"
                  }
                ],
                "name": "grid-scale-set-nic",
                "network_security_group_id": "/subscriptions/c539c22d-81df-4900-93d0-f5d20ccc64b9/resourceGroups/grid-terraform/providers/Microsoft.Network/networkSecurityGroups/grid-network-nsg",
                "primary": true
              }
            ],
            "os_disk": [
              {
                "caching": "ReadWrite",
                "diff_disk_settings": [],
                "disk_encryption_set_id": "",
                "disk_size_gb": 30,
                "secure_vm_disk_encryption_set_id": "",
                "security_encryption_type": "",
                "storage_account_type": "Standard_LRS",
                "write_accelerator_enabled": false
              }
            ],
            "overprovision": true,
            "plan": [],
            "platform_fault_domain_count": 5,
            "priority": "Regular",
            "provision_vm_agent": true,
            "proximity_placement_group_id": "",
            "resource_group_name": "grid-terraform",
            "rolling_upgrade_policy": [],
            "scale_in": [
              {
                "force_deletion_enabled": false,
                "rule": "Default"
              }
            ],
            "scale_in_policy": "Default",
            "secret": [],
            "secure_boot_enabled": false,
            "single_placement_group": true,
            "sku": "Standard_B1s",
            "source_image_id": "/subscriptions/c539c22d-81df-4900-93d0-f5d20ccc64b9/resourceGroups/grid-terraform/providers/Microsoft.Compute/images/grid-image-base-vm-image",
            "source_image_reference": [],
            "spot_restore": [],
            "tags": {},
            "terminate_notification": [],
            "termination_notification": [],
            "timeouts": null,
            "unique_id": "37ed96bd-746f-4dd0-9b6d-1f56b50300e8",
            "upgrade_mode": "Manual",
            "user_data": "",
            "vtpm_enabled": false,
            "zone_balance": false,
            "zones": []
          },
          "sensitive_attributes": [
            [
              {
                "type": "get_attr",
                "value": "custom_data"
              }
            ],
            [
              {
                "type": "get_attr",
                "value": "admin_password"
              }
            ],
            [
              {
                "type": "get_attr",
                "value": "extension"
              }
            ]
          ],
          "private": "eyJlMmJmYjczMC1lY2FhLTExZTYtOGY4OC0zNDM2M2JjN2M0YzAiOnsiY3JlYXRlIjozNjAwMDAwMDAwMDAwLCJkZWxldGUiOjM2MDAwMDAwMDAwMDAsInJlYWQiOjMwMDAwMDAwMDAwMCwidXBkYXRlIjozNjAwMDAwMDAwMDAwfX0=",
          "dependencies": [
            "azurerm_resource_group.rg",
            "module.load_balancer.azurerm_lb.lb",
            "module.load_balancer.azurerm_lb_backend_address_pool.lb_pool",
            "module.load_balancer.azurerm_public_ip.lb_ip",
            "module.network_module.azurerm_network_security_group.nsg",
            "module.network_module.azurerm_subnet.subnet",
            "module.network_module.azurerm_virtual_network.vnet",
            "module.vm_image.azurerm_image.img_from_managed_disk",
            "module.vm_image.azurerm_managed_disk.disk_from_snap",
            "module.vm_image.azurerm_network_interface.temp_nic",
            "module.vm_image.azurerm_snapshot.os_image_snap",
            "module.vm_image.azurerm_virtual_machine.base_temp_vm",
            "module.vm_image.azurerm_virtual_machine_extension.vm_script"
          ]
        }
      ]
    }
  ],
  "check_results": null
}
